PODS:
  - MiniiSimpleAlert (0.1.0)
  - Nimble (10.0.0)
  - Quick (2.2.1)

DEPENDENCIES:
  - MiniiSimpleAlert (from `../`)
  - Nimble (~> 10.0.0)
  - Quick (~> 2.2.0)

SPEC REPOS:
  trunk:
    - Nimble
    - Quick

EXTERNAL SOURCES:
  MiniiSimpleAlert:
    :path: "../"

SPEC CHECKSUMS:
  MiniiSimpleAlert: c0a2cc431fc2ea0c9fc0c08c7e1b8b2ab620651d
  Nimble: 5316ef81a170ce87baf72dd961f22f89a602ff84
  Quick: f5754d69b7013f5864c29aab9ae6f0c79c5bc200

PODFILE CHECKSUM: 1feab75f8d1729c042c3c4de82ef51218b53beef

COCOAPODS: 1.11.3
